
Microsoft Visual Studio Solution File, Format Version 12.00
Project("{FAE04EC0-301F-11D3-BF4B-00C04F79EFBC}") = "WinTools", "WinTools\WinTools.csproj", "{65DFE76D-9F25-46B0-89B4-5B84C0B119E4}"
EndProject
Global
	GlobalSection(SolutionConfigurationPlatforms) = preSolution
		Debug|Any CPU = Debug|Any CPU
		Release|Any CPU = Release|Any CPU
	EndGlobalSection
	GlobalSection(ProjectConfigurationPlatforms) = postSolution
		{65DFE76D-9F25-46B0-89B4-5B84C0B119E4}.Debug|Any CPU.ActiveCfg = Debug|Any CPU
		{65DFE76D-9F25-46B0-89B4-5B84C0B119E4}.Debug|Any CPU.Build.0 = Debug|Any CPU
		{65DFE76D-9F25-46B0-89B4-5B84C0B119E4}.Release|Any CPU.ActiveCfg = Release|Any CPU
		{65DFE76D-9F25-46B0-89B4-5B84C0B119E4}.Release|Any CPU.Build.0 = Release|Any CPU
	EndGlobalSection
EndGlobal
